# THIS IS AN AUTOGENERATED FILE. DO NOT EDIT THIS FILE DIRECTLY.
# yarn lockfile v1


"@forge/bridge@^2.5.0":
  version "2.5.0"
  resolved "https://registry.yarnpkg.com/@forge/bridge/-/bridge-2.5.0.tgz#f492ccbe23689d5ae8e76696b055499bc24d157d"
  integrity sha512-Blt/qpnzIThHS9NCEBPLqRhlTedI4rLWO5oMwDavhe/C+9d2IhZunZdwHiqISiFz6c1YLXp3nZc/GUnB7A2QKQ==
  dependencies:
    "@types/history" "^4.7.8"

"@next/env@13.1.7-canary.5":
  version "13.1.7-canary.5"
  resolved "https://registry.yarnpkg.com/@next/env/-/env-13.1.7-canary.5.tgz#8d82c5232cf133797b3176af8e98497c97cdfa75"
  integrity sha512-lTi1sgrHeywdO88CsHXjxKl2H7OMlq3rOdS5++J73NGJ513OjX/2b8tH6Kea5+l0nW+wbPWWYOj+GNLcFpXtnQ==

"@next/swc-android-arm-eabi@13.1.7-canary.5":
  version "13.1.7-canary.5"
  resolved "https://registry.yarnpkg.com/@next/swc-android-arm-eabi/-/swc-android-arm-eabi-13.1.7-canary.5.tgz#1fe83a3d0ccad73cd25063aeb28284d36138fb27"
  integrity sha512-LvEYVAWCFkIiwfg6ECek3ObqB9kzJNs4BjG2iZQdauweG1BHszkudamPV23hF+g4T8nLYgVGTVezjDCKnawZsQ==

"@next/swc-android-arm64@13.1.7-canary.5":
  version "13.1.7-canary.5"
  resolved "https://registry.yarnpkg.com/@next/swc-android-arm64/-/swc-android-arm64-13.1.7-canary.5.tgz#01e9177f0712391b5b742b236f9ab3e65a5b8e5f"
  integrity sha512-E5fdKLT2kwldz4PMZxrtPZx77uFfGDdG8hMnZfi47VRZH/HBQa8LESPnjYkLHpUNY8Qr6lJXVC/KkIVrcs5Llw==

"@next/swc-darwin-arm64@13.1.7-canary.5":
  version "13.1.7-canary.5"
  resolved "https://registry.yarnpkg.com/@next/swc-darwin-arm64/-/swc-darwin-arm64-13.1.7-canary.5.tgz#d5cb622a905e172c46312ee1535175d0b6e7f8af"
  integrity sha512-EuaQHxxB/8AgDjp8Zyfbuc/tBQDR6utN8zcLn6Od0ieAcELcoG6YDBIk9/CdyEDbvBVVvlx/i9IUzpvB4iybAA==

"@next/swc-darwin-x64@13.1.7-canary.5":
  version "13.1.7-canary.5"
  resolved "https://registry.yarnpkg.com/@next/swc-darwin-x64/-/swc-darwin-x64-13.1.7-canary.5.tgz#8104c2207e26834d10415f657dd34e8510d17f45"
  integrity sha512-xyB5NH88T3XNnJgU6drw/j1Q3omiMW7+NQ0/XJMlbxHpZQd1wRgijZbH88XPeqYewc7dnSOjqANJCPuecARe0g==

"@next/swc-freebsd-x64@13.1.7-canary.5":
  version "13.1.7-canary.5"
  resolved "https://registry.yarnpkg.com/@next/swc-freebsd-x64/-/swc-freebsd-x64-13.1.7-canary.5.tgz#33ad2fa65c7f376e7416da6f518d0ffcfc3d5a4c"
  integrity sha512-566KJU51Fmhn24KATNdFN0oNnGYmVUeiDnPvWf2c54ip1ywRAjThHbe/gwg0v7gjjd1crAnr3mGHVRm06zqqZA==

"@next/swc-linux-arm-gnueabihf@13.1.7-canary.5":
  version "13.1.7-canary.5"
  resolved "https://registry.yarnpkg.com/@next/swc-linux-arm-gnueabihf/-/swc-linux-arm-gnueabihf-13.1.7-canary.5.tgz#e4d4b32071001298a970ae9b4e288b1ab9826b82"
  integrity sha512-q4NR3QcllchDkDU2wWC4JmuSwa2cDp5fZ5c6ei63SMbkWradZTo8lvuiZYxp+4MZM80lU1YLqdSO6GwQmpQ3gg==

"@next/swc-linux-arm64-gnu@13.1.7-canary.5":
  version "13.1.7-canary.5"
  resolved "https://registry.yarnpkg.com/@next/swc-linux-arm64-gnu/-/swc-linux-arm64-gnu-13.1.7-canary.5.tgz#2a2c0ddfd0ae13cd904042cf52df121365adc044"
  integrity sha512-rzSGFF3ProEzPfUMl2LEN1NJ4jy3RUwNmRxC9mwB+Abv4QZLo+82N/lxHvFg/MmKsfwgx8cTBuh1kD2BPMaG2w==

"@next/swc-linux-arm64-musl@13.1.7-canary.5":
  version "13.1.7-canary.5"
  resolved "https://registry.yarnpkg.com/@next/swc-linux-arm64-musl/-/swc-linux-arm64-musl-13.1.7-canary.5.tgz#48c06d3f822eceff0c5cc6c9c2ddca049d69b750"
  integrity sha512-9Cj7M5w6vIBPqPuVa8wtJsT4eJ4rGYWAmWiSGkA05Peip029e5g1I+X3JIGCalZRfam92yeklKVH1OgUTcNifA==

"@next/swc-linux-x64-gnu@13.1.7-canary.5":
  version "13.1.7-canary.5"
  resolved "https://registry.yarnpkg.com/@next/swc-linux-x64-gnu/-/swc-linux-x64-gnu-13.1.7-canary.5.tgz#d425af9880af7e562d48d43390cb317a65d0d8ec"
  integrity sha512-iMTOWzGBcSREki4BXnth95Ixsw6jElnwTAmapiYaktlSpK+sl1PpHCRgilyKp9d3ssMSOFqqQK9KiiLwJfcGhg==

"@next/swc-linux-x64-musl@13.1.7-canary.5":
  version "13.1.7-canary.5"
  resolved "https://registry.yarnpkg.com/@next/swc-linux-x64-musl/-/swc-linux-x64-musl-13.1.7-canary.5.tgz#18a186f3d308f29ef434804fba08d38adee50d96"
  integrity sha512-5Z4QcfZFy+LCybzc3uJtkrMbmYQLHwViSOBmMziq8CaLNoCZEcKbxRwqkZ3kJzC7grDBYQZsIQnhFSv4YkdJNA==

"@next/swc-win32-arm64-msvc@13.1.7-canary.5":
  version "13.1.7-canary.5"
  resolved "https://registry.yarnpkg.com/@next/swc-win32-arm64-msvc/-/swc-win32-arm64-msvc-13.1.7-canary.5.tgz#1c3e5c717a35d7abe71b8480c06d15857f492a3e"
  integrity sha512-ZQ5+AU7NsR4olxALd12TqOsCbD2DB5dwIIIIB8ltomdFAHk0T1cv8VhYmZoGpsnz6B2ucM5wxIYbTQH6P3BbnA==

"@next/swc-win32-ia32-msvc@13.1.7-canary.5":
  version "13.1.7-canary.5"
  resolved "https://registry.yarnpkg.com/@next/swc-win32-ia32-msvc/-/swc-win32-ia32-msvc-13.1.7-canary.5.tgz#70285a61e6870cd9b22643883be18808738253ec"
  integrity sha512-QRCnkzn5Z+hsbGxu2TS90Wv9WSuyF/BQqaY1dV1KSIewb1UJQ+WZ3XXypq2noxG0ZZDZCC7oZkjkN/l0RlxPFw==

"@next/swc-win32-x64-msvc@13.1.7-canary.5":
  version "13.1.7-canary.5"
  resolved "https://registry.yarnpkg.com/@next/swc-win32-x64-msvc/-/swc-win32-x64-msvc-13.1.7-canary.5.tgz#b7d74346d3cd2e8c91faf5a5c07d90289e07a4bd"
  integrity sha512-JNch97npDt6qDkOWo/6Ijm74zIbJp4EQ9mtbYGYQlZShi1+I5HsWFSeG18K/WJqf08MknFKRevD92uUyvBcAUg==

"@swc/helpers@0.4.14":
  version "0.4.14"
  resolved "https://registry.yarnpkg.com/@swc/helpers/-/helpers-0.4.14.tgz#1352ac6d95e3617ccb7c1498ff019654f1e12a74"
  integrity sha512-4C7nX/dvpzB7za4Ql9K81xK3HPxCpHMgwTZVyf+9JQ6VUbn9jjZVN7/Nkdz/Ugzs2CSjqnL/UPXroiVBVHUWUw==
  dependencies:
    tslib "^2.4.0"

"@types/history@^4.7.8":
  version "4.7.11"
  resolved "https://registry.yarnpkg.com/@types/history/-/history-4.7.11.tgz#56588b17ae8f50c53983a524fc3cc47437969d64"
  integrity sha512-qjDJRrmvBMiTx+jyLxvLfJU7UznFuokDv4f3WRuriHKERccVpFU+8XMQUAbDzoiJCsmexxRExQeMwwCdamSKDA==

"@types/node@^18.11.13":
  version "18.11.18"
  resolved "https://registry.yarnpkg.com/@types/node/-/node-18.11.18.tgz#8dfb97f0da23c2293e554c5a50d61ef134d7697f"
  integrity sha512-DHQpWGjyQKSHj3ebjFI/wRKcqQcdR+MoFBygntYOZytCqNfkd2ZC4ARDJ2DQqhjH5p85Nnd3jhUJIXrszFX/JA==

"@types/prop-types@*":
  version "15.7.5"
  resolved "https://registry.yarnpkg.com/@types/prop-types/-/prop-types-15.7.5.tgz#5f19d2b85a98e9558036f6a3cacc8819420f05cf"
  integrity sha512-JCB8C6SnDoQf0cNycqd/35A7MjcnK+ZTqE7judS6o7utxUCg6imJg3QK2qzHKszlTjcj2cn+NwMB2i96ubpj7w==

"@types/react@^18.0.26":
  version "18.0.27"
  resolved "https://registry.yarnpkg.com/@types/react/-/react-18.0.27.tgz#d9425abe187a00f8a5ec182b010d4fd9da703b71"
  integrity sha512-3vtRKHgVxu3Jp9t718R9BuzoD4NcQ8YJ5XRzsSKxNDiDonD2MXIT1TmSkenxuCycZJoQT5d2vE8LwWJxBC1gmA==
  dependencies:
    "@types/prop-types" "*"
    "@types/scheduler" "*"
    csstype "^3.0.2"

"@types/scheduler@*":
  version "0.16.2"
  resolved "https://registry.yarnpkg.com/@types/scheduler/-/scheduler-0.16.2.tgz#1a62f89525723dde24ba1b01b092bf5df8ad4d39"
  integrity sha512-hppQEBDmlwhFAXKJX2KnWLYu5yMfi91yazPb2l+lbJiwW+wdo1gNeRA+3RgNSO39WYX2euey41KEwnqesU2Jew==

caniuse-lite@^1.0.30001406:
  version "1.0.30001450"
  resolved "https://registry.yarnpkg.com/caniuse-lite/-/caniuse-lite-1.0.30001450.tgz#022225b91200589196b814b51b1bbe45144cf74f"
  integrity sha512-qMBmvmQmFXaSxexkjjfMvD5rnDL0+m+dUMZKoDYsGG8iZN29RuYh9eRoMvKsT6uMAWlyUUGDEQGJJYjzCIO9ew==

client-only@0.0.1:
  version "0.0.1"
  resolved "https://registry.yarnpkg.com/client-only/-/client-only-0.0.1.tgz#38bba5d403c41ab150bff64a95c85013cf73bca1"
  integrity sha512-IV3Ou0jSMzZrd3pZ48nLkT9DA7Ag1pnPzaiQhpW7c3RbcqqzvzzVu+L8gfqMp/8IM2MQtSiqaCxrrcfu8I8rMA==

csstype@^3.0.2:
  version "3.1.1"
  resolved "https://registry.yarnpkg.com/csstype/-/csstype-3.1.1.tgz#841b532c45c758ee546a11d5bd7b7b473c8c30b9"
  integrity sha512-DJR/VvkAvSZW9bTouZue2sSxDwdTN92uHjqeKVm+0dAqdfNykRzQ95tay8aXMBAAPpUiq4Qcug2L7neoRh2Egw==

"js-tokens@^3.0.0 || ^4.0.0":
  version "4.0.0"
  resolved "https://registry.yarnpkg.com/js-tokens/-/js-tokens-4.0.0.tgz#19203fb59991df98e3a287050d4647cdeaf32499"
  integrity sha512-RdJUflcE3cUzKiMqQgsCu06FPu9UdIJO0beYbPhHN4k6apgJtifcoCtT9bcxOpYBtpD2kCM6Sbzg4CausW/PKQ==

loose-envify@^1.1.0:
  version "1.4.0"
  resolved "https://registry.yarnpkg.com/loose-envify/-/loose-envify-1.4.0.tgz#71ee51fa7be4caec1a63839f7e682d8132d30caf"
  integrity sha512-lyuxPGr/Wfhrlem2CL/UcnUc1zcqKAImBDzukY7Y5F/yQiNdko6+fRLevlw1HgMySw7f611UIY408EtxRSoK3Q==
  dependencies:
    js-tokens "^3.0.0 || ^4.0.0"

nanoid@^3.3.4:
  version "3.3.4"
  resolved "https://registry.yarnpkg.com/nanoid/-/nanoid-3.3.4.tgz#730b67e3cd09e2deacf03c027c81c9d9dbc5e8ab"
  integrity sha512-MqBkQh/OHTS2egovRtLk45wEyNXwF+cokD+1YPf9u5VfJiRdAiRwB2froX5Co9Rh20xs4siNPm8naNotSD6RBw==

next@canary:
  version "13.1.7-canary.5"
  resolved "https://registry.yarnpkg.com/next/-/next-13.1.7-canary.5.tgz#e3e48879086239d3b38d745cd9e8a55e79d0079d"
  integrity sha512-E2BH49mjiUaHk4woX/xqhGu+6vff3iYdYljPfsY57AQDFzOXzA6AS83D3Rc48k1wi4R9SKaqEPAy689REfeVww==
  dependencies:
    "@next/env" "13.1.7-canary.5"
    "@swc/helpers" "0.4.14"
    caniuse-lite "^1.0.30001406"
    postcss "8.4.14"
    styled-jsx "5.1.1"
  optionalDependencies:
    "@next/swc-android-arm-eabi" "13.1.7-canary.5"
    "@next/swc-android-arm64" "13.1.7-canary.5"
    "@next/swc-darwin-arm64" "13.1.7-canary.5"
    "@next/swc-darwin-x64" "13.1.7-canary.5"
    "@next/swc-freebsd-x64" "13.1.7-canary.5"
    "@next/swc-linux-arm-gnueabihf" "13.1.7-canary.5"
    "@next/swc-linux-arm64-gnu" "13.1.7-canary.5"
    "@next/swc-linux-arm64-musl" "13.1.7-canary.5"
    "@next/swc-linux-x64-gnu" "13.1.7-canary.5"
    "@next/swc-linux-x64-musl" "13.1.7-canary.5"
    "@next/swc-win32-arm64-msvc" "13.1.7-canary.5"
    "@next/swc-win32-ia32-msvc" "13.1.7-canary.5"
    "@next/swc-win32-x64-msvc" "13.1.7-canary.5"

picocolors@^1.0.0:
  version "1.0.0"
  resolved "https://registry.yarnpkg.com/picocolors/-/picocolors-1.0.0.tgz#cb5bdc74ff3f51892236eaf79d68bc44564ab81c"
  integrity sha512-1fygroTLlHu66zi26VoTDv8yRgm0Fccecssto+MhsZ0D/DGW2sm8E8AjW7NU5VVTRt5GxbeZ5qBuJr+HyLYkjQ==

postcss@8.4.14:
  version "8.4.14"
  resolved "https://registry.yarnpkg.com/postcss/-/postcss-8.4.14.tgz#ee9274d5622b4858c1007a74d76e42e56fd21caf"
  integrity sha512-E398TUmfAYFPBSdzgeieK2Y1+1cpdxJx8yXbK/m57nRhKSmk1GB2tO4lbLBtlkfPQTDKfe4Xqv1ASWPpayPEig==
  dependencies:
    nanoid "^3.3.4"
    picocolors "^1.0.0"
    source-map-js "^1.0.2"

react-dom@^18.2.0:
  version "18.2.0"
  resolved "https://registry.yarnpkg.com/react-dom/-/react-dom-18.2.0.tgz#22aaf38708db2674ed9ada224ca4aa708d821e3d"
  integrity sha512-6IMTriUmvsjHUjNtEDudZfuDQUoWXVxKHhlEGSk81n4YFS+r/Kl99wXiwlVXtPBtJenozv2P+hxDsw9eA7Xo6g==
  dependencies:
    loose-envify "^1.1.0"
    scheduler "^0.23.0"

react@^18.2.0:
  version "18.2.0"
  resolved "https://registry.yarnpkg.com/react/-/react-18.2.0.tgz#555bd98592883255fa00de14f1151a917b5d77d5"
  integrity sha512-/3IjMdb2L9QbBdWiW5e3P2/npwMBaU9mHCSCUzNln0ZCYbcfTsGbTJrU/kGemdH2IWmB2ioZ+zkxtmq6g09fGQ==
  dependencies:
    loose-envify "^1.1.0"

scheduler@^0.23.0:
  version "0.23.0"
  resolved "https://registry.yarnpkg.com/scheduler/-/scheduler-0.23.0.tgz#ba8041afc3d30eb206a487b6b384002e4e61fdfe"
  integrity sha512-CtuThmgHNg7zIZWAXi3AsyIzA3n4xx7aNyjwC2VJldO2LMVDhFK+63xGqq6CsJH4rTAt6/M+N4GhZiDYPx9eUw==
  dependencies:
    loose-envify "^1.1.0"

source-map-js@^1.0.2:
  version "1.0.2"
  resolved "https://registry.yarnpkg.com/source-map-js/-/source-map-js-1.0.2.tgz#adbc361d9c62df380125e7f161f71c826f1e490c"
  integrity sha512-R0XvVJ9WusLiqTCEiGCmICCMplcCkIwwR11mOSD9CR5u+IXYdiseeEuXCVAjS54zqwkLcPNnmU4OeJ6tUrWhDw==

styled-jsx@5.1.1:
  version "5.1.1"
  resolved "https://registry.yarnpkg.com/styled-jsx/-/styled-jsx-5.1.1.tgz#839a1c3aaacc4e735fed0781b8619ea5d0009d1f"
  integrity sha512-pW7uC1l4mBZ8ugbiZrcIsiIvVx1UmTfw7UkC3Um2tmfUq9Bhk8IiyEIPl6F8agHgjzku6j0xQEZbfA5uSgSaCw==
  dependencies:
    client-only "0.0.1"

tslib@^2.4.0:
  version "2.5.0"
  resolved "https://registry.yarnpkg.com/tslib/-/tslib-2.5.0.tgz#42bfed86f5787aeb41d031866c8f402429e0fddf"
  integrity sha512-336iVw3rtn2BUK7ORdIAHTyxHGRIHVReokCR3XjbckJMK7ms8FysBfhLR8IXnAgy7T0PTPNBWKiH514FOW/WSg==

typescript@^4.9.4:
  version "4.9.5"
  resolved "https://registry.yarnpkg.com/typescript/-/typescript-4.9.5.tgz#095979f9bcc0d09da324d58d03ce8f8374cbe65a"
  integrity sha512-1FXk9E2Hm+QzZQ7z+McJiHL4NW1F2EzMu9Nq9i3zAaGqibafqYwCVU6WyWAuyQRRzOlxou8xZSyXLEN8oKj24g==
